
Microsoft Visual Studio Solution File, Format Version 12.00
# Visual Studio Version 16
VisualStudioVersion = 16.0.30611.23
MinimumVisualStudioVersion = 10.0.40219.1
Project("{FAE04EC0-301F-11D3-BF4B-00C04F79EFBC}") = "WebApplication", "WebApplication\WebApplication.csproj", "{F31DC3A5-C3AC-435E-8F0C-36E5FF65F626}"
EndProject
Global
	GlobalSection(SolutionConfigurationPlatforms) = preSolution
		Debug|Any CPU = Debug|Any CPU
		Release|Any CPU = Release|Any CPU
	EndGlobalSection
	GlobalSection(ProjectConfigurationPlatforms) = postSolution
		{F31DC3A5-C3AC-435E-8F0C-36E5FF65F626}.Debug|Any CPU.ActiveCfg = Debug|Any CPU
		{F31DC3A5-C3AC-435E-8F0C-36E5FF65F626}.Debug|Any CPU.Build.0 = Debug|Any CPU
		{F31DC3A5-C3AC-435E-8F0C-36E5FF65F626}.Release|Any CPU.ActiveCfg = Release|Any CPU
		{F31DC3A5-C3AC-435E-8F0C-36E5FF65F626}.Release|Any CPU.Build.0 = Release|Any CPU
	EndGlobalSection
	GlobalSection(SolutionProperties) = preSolution
		HideSolutionNode = FALSE
	EndGlobalSection
	GlobalSection(ExtensibilityGlobals) = postSolution
		SolutionGuid = {136861CB-3827-454F-9645-C3D1DEAC0FB5}
	EndGlobalSection
EndGlobal
